// !$*UTF8*$!
{
	archiveVersion = 1;
	classes = {
	};
	objectVersion = 46;
	objects = {

/* Begin PBXBuildFile section */
		904FFC9319B2623D00C46A68 /* RecieptItem.m in Sources */ = {isa = PBXBuildFile; fileRef = 904FFC9219B2623D00C46A68 /* RecieptItem.m */; };
		904FFC9619B2641700C46A68 /* RecieptItemStore.m in Sources */ = {isa = PBXBuildFile; fileRef = 904FFC9519B2641700C46A68 /* RecieptItemStore.m */; };
		904FFC9919B2696800C46A68 /* RecieptImageStore.m in Sources */ = {isa = PBXBuildFile; fileRef = 904FFC9819B2696800C46A68 /* RecieptImageStore.m */; };
		FD1F458019B242410099E89E /* Foundation.framework in Frameworks */ = {isa = PBXBuildFile; fileRef = FD1F457F19B242410099E89E /* Foundation.framework */; };
		FD1F458219B242410099E89E /* CoreGraphics.framework in Frameworks */ = {isa = PBXBuildFile; fileRef = FD1F458119B242410099E89E /* CoreGraphics.framework */; };
		FD1F458419B242410099E89E /* UIKit.framework in Frameworks */ = {isa = PBXBuildFile; fileRef = FD1F458319B242410099E89E /* UIKit.framework */; };
		FD1F458A19B242410099E89E /* InfoPlist.strings in Resources */ = {isa = PBXBuildFile; fileRef = FD1F458819B242410099E89E /* InfoPlist.strings */; };
		FD1F458C19B242410099E89E /* main.m in Sources */ = {isa = PBXBuildFile; fileRef = FD1F458B19B242410099E89E /* main.m */; };
		FD1F459019B242410099E89E /* PRAppDelegate.m in Sources */ = {isa = PBXBuildFile; fileRef = FD1F458F19B242410099E89E /* PRAppDelegate.m */; };
		FD1F459319B242410099E89E /* Main_iPhone.storyboard in Resources */ = {isa = PBXBuildFile; fileRef = FD1F459119B242410099E89E /* Main_iPhone.storyboard */; };
		FD1F459619B242410099E89E /* Main_iPad.storyboard in Resources */ = {isa = PBXBuildFile; fileRef = FD1F459419B242410099E89E /* Main_iPad.storyboard */; };
		FD1F459919B242410099E89E /* PRViewController.m in Sources */ = {isa = PBXBuildFile; fileRef = FD1F459819B242410099E89E /* PRViewController.m */; };
		FD1F459B19B242410099E89E /* Images.xcassets in Resources */ = {isa = PBXBuildFile; fileRef = FD1F459A19B242410099E89E /* Images.xcassets */; };
		FD1F45A219B242410099E89E /* XCTest.framework in Frameworks */ = {isa = PBXBuildFile; fileRef = FD1F45A119B242410099E89E /* XCTest.framework */; };
		FD1F45A319B242410099E89E /* Foundation.framework in Frameworks */ = {isa = PBXBuildFile; fileRef = FD1F457F19B242410099E89E /* Foundation.framework */; };
		FD1F45A419B242410099E89E /* UIKit.framework in Frameworks */ = {isa = PBXBuildFile; fileRef = FD1F458319B242410099E89E /* UIKit.framework */; };
		FD1F45AC19B242410099E89E /* InfoPlist.strings in Resources */ = {isa = PBXBuildFile; fileRef = FD1F45AA19B242410099E89E /* InfoPlist.strings */; };
		FD1F45AE19B242410099E89E /* ProjectRefundTests.m in Sources */ = {isa = PBXBuildFile; fileRef = FD1F45AD19B242410099E89E /* ProjectRefundTests.m */; };
		FD1F45BC19B244640099E89E /* PRCamPreviewView.m in Sources */ = {isa = PBXBuildFile; fileRef = FD1F45BB19B244640099E89E /* PRCamPreviewView.m */; };
/* End PBXBuildFile section */

/* Begin PBXContainerItemProxy section */
		FD1F45A519B242410099E89E /* PBXContainerItemProxy */ = {
			isa = PBXContainerItemProxy;
			containerPortal = FD1F457419B242410099E89E /* Project object */;
			proxyType = 1;
			remoteGlobalIDString = FD1F457B19B242410099E89E;
			remoteInfo = ProjectRefund;
		};
/* End PBXContainerItemProxy section */

/* Begin PBXFileReference section */
		904FFC9119B2623D00C46A68 /* RecieptItem.h */ = {isa = PBXFileReference; fileEncoding = 4; lastKnownFileType = sourcecode.c.h; path = RecieptItem.h; sourceTree = "<group>"; };
		904FFC9219B2623D00C46A68 /* RecieptItem.m */ = {isa = PBXFileReference; fileEncoding = 4; lastKnownFileType = sourcecode.c.objc; path = RecieptItem.m; sourceTree = "<group>"; };
		904FFC9419B2641700C46A68 /* RecieptItemStore.h */ = {isa = PBXFileReference; fileEncoding = 4; lastKnownFileType = sourcecode.c.h; path = RecieptItemStore.h; sourceTree = "<group>"; };
		904FFC9519B2641700C46A68 /* RecieptItemStore.m */ = {isa = PBXFileReference; fileEncoding = 4; lastKnownFileType = sourcecode.c.objc; path = RecieptItemStore.m; sourceTree = "<group>"; };
		904FFC9719B2696800C46A68 /* RecieptImageStore.h */ = {isa = PBXFileReference; fileEncoding = 4; lastKnownFileType = sourcecode.c.h; path = RecieptImageStore.h; sourceTree = "<group>"; };
		904FFC9819B2696800C46A68 /* RecieptImageStore.m */ = {isa = PBXFileReference; fileEncoding = 4; lastKnownFileType = sourcecode.c.objc; path = RecieptImageStore.m; sourceTree = "<group>"; };
		FD1F457C19B242410099E89E /* ProjectRefund.app */ = {isa = PBXFileReference; explicitFileType = wrapper.application; includeInIndex = 0; path = ProjectRefund.app; sourceTree = BUILT_PRODUCTS_DIR; };
		FD1F457F19B242410099E89E /* Foundation.framework */ = {isa = PBXFileReference; lastKnownFileType = wrapper.framework; name = Foundation.framework; path = System/Library/Frameworks/Foundation.framework; sourceTree = SDKROOT; };
		FD1F458119B242410099E89E /* CoreGraphics.framework */ = {isa = PBXFileReference; lastKnownFileType = wrapper.framework; name = CoreGraphics.framework; path = System/Library/Frameworks/CoreGraphics.framework; sourceTree = SDKROOT; };
		FD1F458319B242410099E89E /* UIKit.framework */ = {isa = PBXFileReference; lastKnownFileType = wrapper.framework; name = UIKit.framework; path = System/Library/Frameworks/UIKit.framework; sourceTree = SDKROOT; };
		FD1F458719B242410099E89E /* ProjectRefund-Info.plist */ = {isa = PBXFileReference; lastKnownFileType = text.plist.xml; path = "ProjectRefund-Info.plist"; sourceTree = "<group>"; };
		FD1F458919B242410099E89E /* en */ = {isa = PBXFileReference; lastKnownFileType = text.plist.strings; name = en; path = en.lproj/InfoPlist.strings; sourceTree = "<group>"; };
		FD1F458B19B242410099E89E /* main.m */ = {isa = PBXFileReference; lastKnownFileType = sourcecode.c.objc; path = main.m; sourceTree = "<group>"; };
		FD1F458D19B242410099E89E /* ProjectRefund-Prefix.pch */ = {isa = PBXFileReference; lastKnownFileType = sourcecode.c.h; path = "ProjectRefund-Prefix.pch"; sourceTree = "<group>"; };
		FD1F458E19B242410099E89E /* PRAppDelegate.h */ = {isa = PBXFileReference; lastKnownFileType = sourcecode.c.h; path = PRAppDelegate.h; sourceTree = "<group>"; };
		FD1F458F19B242410099E89E /* PRAppDelegate.m */ = {isa = PBXFileReference; lastKnownFileType = sourcecode.c.objc; path = PRAppDelegate.m; sourceTree = "<group>"; };
		FD1F459219B242410099E89E /* Base */ = {isa = PBXFileReference; lastKnownFileType = file.storyboard; name = Base; path = Base.lproj/Main_iPhone.storyboard; sourceTree = "<group>"; };
		FD1F459519B242410099E89E /* Base */ = {isa = PBXFileReference; lastKnownFileType = file.storyboard; name = Base; path = Base.lproj/Main_iPad.storyboard; sourceTree = "<group>"; };
		FD1F459719B242410099E89E /* PRViewController.h */ = {isa = PBXFileReference; lastKnownFileType = sourcecode.c.h; path = PRViewController.h; sourceTree = "<group>"; };
		FD1F459819B242410099E89E /* PRViewController.m */ = {isa = PBXFileReference; lastKnownFileType = sourcecode.c.objc; path = PRViewController.m; sourceTree = "<group>"; };
		FD1F459A19B242410099E89E /* Images.xcassets */ = {isa = PBXFileReference; lastKnownFileType = folder.assetcatalog; path = Images.xcassets; sourceTree = "<group>"; };
		FD1F45A019B242410099E89E /* ProjectRefundTests.xctest */ = {isa = PBXFileReference; explicitFileType = wrapper.cfbundle; includeInIndex = 0; path = ProjectRefundTests.xctest; sourceTree = BUILT_PRODUCTS_DIR; };
		FD1F45A119B242410099E89E /* XCTest.framework */ = {isa = PBXFileReference; lastKnownFileType = wrapper.framework; name = XCTest.framework; path = Library/Frameworks/XCTest.framework; sourceTree = DEVELOPER_DIR; };
		FD1F45A919B242410099E89E /* ProjectRefundTests-Info.plist */ = {isa = PBXFileReference; lastKnownFileType = text.plist.xml; path = "ProjectRefundTests-Info.plist"; sourceTree = "<group>"; };
		FD1F45AB19B242410099E89E /* en */ = {isa = PBXFileReference; lastKnownFileType = text.plist.strings; name = en; path = en.lproj/InfoPlist.strings; sourceTree = "<group>"; };
		FD1F45AD19B242410099E89E /* ProjectRefundTests.m */ = {isa = PBXFileReference; lastKnownFileType = sourcecode.c.objc; path = ProjectRefundTests.m; sourceTree = "<group>"; };
		FD1F45BA19B244640099E89E /* PRCamPreviewView.h */ = {isa = PBXFileReference; fileEncoding = 4; lastKnownFileType = sourcecode.c.h; path = PRCamPreviewView.h; sourceTree = "<group>"; };
		FD1F45BB19B244640099E89E /* PRCamPreviewView.m */ = {isa = PBXFileReference; fileEncoding = 4; lastKnownFileType = sourcecode.c.objc; path = PRCamPreviewView.m; sourceTree = "<group>"; };
/* End PBXFileReference section */

/* Begin PBXFrameworksBuildPhase section */
		FD1F457919B242410099E89E /* Frameworks */ = {
			isa = PBXFrameworksBuildPhase;
			buildActionMask = 2147483647;
			files = (
				FD1F458219B242410099E89E /* CoreGraphics.framework in Frameworks */,
				FD1F458419B242410099E89E /* UIKit.framework in Frameworks */,
				FD1F458019B242410099E89E /* Foundation.framework in Frameworks */,
			);
			runOnlyForDeploymentPostprocessing = 0;
		};
		FD1F459D19B242410099E89E /* Frameworks */ = {
			isa = PBXFrameworksBuildPhase;
			buildActionMask = 2147483647;
			files = (
				FD1F45A219B242410099E89E /* XCTest.framework in Frameworks */,
				FD1F45A419B242410099E89E /* UIKit.framework in Frameworks */,
				FD1F45A319B242410099E89E /* Foundation.framework in Frameworks */,
			);
			runOnlyForDeploymentPostprocessing = 0;
		};
/* End PBXFrameworksBuildPhase section */

/* Begin PBXGroup section */
		FD1F457319B242410099E89E = {
			isa = PBXGroup;
			children = (
				FD1F458519B242410099E89E /* ProjectRefund */,
				FD1F45A719B242410099E89E /* ProjectRefundTests */,
				FD1F457E19B242410099E89E /* Frameworks */,
				FD1F457D19B242410099E89E /* Products */,
			);
			sourceTree = "<group>";
		};
		FD1F457D19B242410099E89E /* Products */ = {
			isa = PBXGroup;
			children = (
				FD1F457C19B242410099E89E /* ProjectRefund.app */,
				FD1F45A019B242410099E89E /* ProjectRefundTests.xctest */,
			);
			name = Products;
			sourceTree = "<group>";
		};
		FD1F457E19B242410099E89E /* Frameworks */ = {
			isa = PBXGroup;
			children = (
				FD1F457F19B242410099E89E /* Foundation.framework */,
				FD1F458119B242410099E89E /* CoreGraphics.framework */,
				FD1F458319B242410099E89E /* UIKit.framework */,
				FD1F45A119B242410099E89E /* XCTest.framework */,
			);
			name = Frameworks;
			sourceTree = "<group>";
		};
		FD1F458519B242410099E89E /* ProjectRefund */ = {
			isa = PBXGroup;
			children = (
				FD1F458E19B242410099E89E /* PRAppDelegate.h */,
				FD1F458F19B242410099E89E /* PRAppDelegate.m */,
				FD1F459119B242410099E89E /* Main_iPhone.storyboard */,
				FD1F459419B242410099E89E /* Main_iPad.storyboard */,
				FD1F45BA19B244640099E89E /* PRCamPreviewView.h */,
				FD1F45BB19B244640099E89E /* PRCamPreviewView.m */,
				FD1F459719B242410099E89E /* PRViewController.h */,
				FD1F459819B242410099E89E /* PRViewController.m */,
				FD1F459A19B242410099E89E /* Images.xcassets */,
				FD1F458619B242410099E89E /* Supporting Files */,
				904FFC9119B2623D00C46A68 /* RecieptItem.h */,
				904FFC9219B2623D00C46A68 /* RecieptItem.m */,
				904FFC9419B2641700C46A68 /* RecieptItemStore.h */,
				904FFC9519B2641700C46A68 /* RecieptItemStore.m */,
				904FFC9719B2696800C46A68 /* RecieptImageStore.h */,
				904FFC9819B2696800C46A68 /* RecieptImageStore.m */,
			);
			path = ProjectRefund;
			sourceTree = "<group>";
		};
		FD1F458619B242410099E89E /* Supporting Files */ = {
			isa = PBXGroup;
			children = (
				FD1F458719B242410099E89E /* ProjectRefund-Info.plist */,
				FD1F458819B242410099E89E /* InfoPlist.strings */,
				FD1F458B19B242410099E89E /* main.m */,
				FD1F458D19B242410099E89E /* ProjectRefund-Prefix.pch */,
			);
			name = "Supporting Files";
			sourceTree = "<group>";
		};
		FD1F45A719B242410099E89E /* ProjectRefundTests */ = {
			isa = PBXGroup;
			children = (
				FD1F45AD19B242410099E89E /* ProjectRefundTests.m */,
				FD1F45A819B242410099E89E /* Supporting Files */,
			);
			path = ProjectRefundTests;
			sourceTree = "<group>";
		};
		FD1F45A819B242410099E89E /* Supporting Files */ = {
			isa = PBXGroup;
			children = (
				FD1F45A919B242410099E89E /* ProjectRefundTests-Info.plist */,
				FD1F45AA19B242410099E89E /* InfoPlist.strings */,
			);
			name = "Supporting Files";
			sourceTree = "<group>";
		};
/* End PBXGroup section */

/* Begin PBXNativeTarget section */
		FD1F457B19B242410099E89E /* ProjectRefund */ = {
			isa = PBXNativeTarget;
			buildConfigurationList = FD1F45B119B242410099E89E /* Build configuration list for PBXNativeTarget "ProjectRefund" */;
			buildPhases = (
				FD1F457819B242410099E89E /* Sources */,
				FD1F457919B242410099E89E /* Frameworks */,
				FD1F457A19B242410099E89E /* Resources */,
			);
			buildRules = (
			);
			dependencies = (
			);
			name = ProjectRefund;
			productName = ProjectRefund;
			productReference = FD1F457C19B242410099E89E /* ProjectRefund.app */;
			productType = "com.apple.product-type.application";
		};
		FD1F459F19B242410099E89E /* ProjectRefundTests */ = {
			isa = PBXNativeTarget;
			buildConfigurationList = FD1F45B419B242410099E89E /* Build configuration list for PBXNativeTarget "ProjectRefundTests" */;
			buildPhases = (
				FD1F459C19B242410099E89E /* Sources */,
				FD1F459D19B242410099E89E /* Frameworks */,
				FD1F459E19B242410099E89E /* Resources */,
			);
			buildRules = (
			);
			dependencies = (
				FD1F45A619B242410099E89E /* PBXTargetDependency */,
			);
			name = ProjectRefundTests;
			productName = ProjectRefundTests;
			productReference = FD1F45A019B242410099E89E /* ProjectRefundTests.xctest */;
			productType = "com.apple.product-type.bundle.unit-test";
		};
/* End PBXNativeTarget section */

/* Begin PBXProject section */
		FD1F457419B242410099E89E /* Project object */ = {
			isa = PBXProject;
			attributes = {
				CLASSPREFIX = PR;
				LastUpgradeCheck = 0510;
				ORGANIZATIONNAME = GeauxHack;
				TargetAttributes = {
					FD1F457B19B242410099E89E = {
						DevelopmentTeam = 8G4H6268W7;
					};
					FD1F459F19B242410099E89E = {
						TestTargetID = FD1F457B19B242410099E89E;
					};
				};
			};
			buildConfigurationList = FD1F457719B242410099E89E /* Build configuration list for PBXProject "ProjectRefund" */;
			compatibilityVersion = "Xcode 3.2";
			developmentRegion = English;
			hasScannedForEncodings = 0;
			knownRegions = (
				en,
				Base,
			);
			mainGroup = FD1F457319B242410099E89E;
			productRefGroup = FD1F457D19B242410099E89E /* Products */;
			projectDirPath = "";
			projectRoot = "";
			targets = (
				FD1F457B19B242410099E89E /* ProjectRefund */,
				FD1F459F19B242410099E89E /* ProjectRefundTests */,
			);
		};
/* End PBXProject section */

/* Begin PBXResourcesBuildPhase section */
		FD1F457A19B242410099E89E /* Resources */ = {
			isa = PBXResourcesBuildPhase;
			buildActionMask = 2147483647;
			files = (
				FD1F459619B242410099E89E /* Main_iPad.storyboard in Resources */,
				FD1F459B19B242410099E89E /* Images.xcassets in Resources */,
				FD1F459319B242410099E89E /* Main_iPhone.storyboard in Resources */,
				FD1F458A19B242410099E89E /* InfoPlist.strings in Resources */,
			);
			runOnlyForDeploymentPostprocessing = 0;
		};
		FD1F459E19B242410099E89E /* Resources */ = {
			isa = PBXResourcesBuildPhase;
			buildActionMask = 2147483647;
			files = (
				FD1F45AC19B242410099E89E /* InfoPlist.strings in Resources */,
			);
			runOnlyForDeploymentPostprocessing = 0;
		};
/* End PBXResourcesBuildPhase section */

/* Begin PBXSourcesBuildPhase section */
		FD1F457819B242410099E89E /* Sources */ = {
			isa = PBXSourcesBuildPhase;
			buildActionMask = 2147483647;
			files = (
				904FFC9919B2696800C46A68 /* RecieptImageStore.m in Sources */,
				904FFC9319B2623D00C46A68 /* RecieptItem.m in Sources */,
				904FFC9619B2641700C46A68 /* RecieptItemStore.m in Sources */,
				FD1F459019B242410099E89E /* PRAppDelegate.m in Sources */,
				FD1F45BC19B244640099E89E /* PRCamPreviewView.m in Sources */,
				FD1F459919B242410099E89E /* PRViewController.m in Sources */,
				FD1F458C19B242410099E89E /* main.m in Sources */,
			);
			runOnlyForDeploymentPostprocessing = 0;
		};
		FD1F459C19B242410099E89E /* Sources */ = {
			isa = PBXSourcesBuildPhase;
			buildActionMask = 2147483647;
			files = (
				FD1F45AE19B242410099E89E /* ProjectRefundTests.m in Sources */,
			);
			runOnlyForDeploymentPostprocessing = 0;
		};
/* End PBXSourcesBuildPhase section */

/* Begin PBXTargetDependency section */
		FD1F45A619B242410099E89E /* PBXTargetDependency */ = {
			isa = PBXTargetDependency;
			target = FD1F457B19B242410099E89E /* ProjectRefund */;
			targetProxy = FD1F45A519B242410099E89E /* PBXContainerItemProxy */;
		};
/* End PBXTargetDependency section */

/* Begin PBXVariantGroup section */
		FD1F458819B242410099E89E /* InfoPlist.strings */ = {
			isa = PBXVariantGroup;
			children = (
				FD1F458919B242410099E89E /* en */,
			);
			name = InfoPlist.strings;
			sourceTree = "<group>";
		};
		FD1F459119B242410099E89E /* Main_iPhone.storyboard */ = {
			isa = PBXVariantGroup;
			children = (
				FD1F459219B242410099E89E /* Base */,
			);
			name = Main_iPhone.storyboard;
			sourceTree = "<group>";
		};
		FD1F459419B242410099E89E /* Main_iPad.storyboard */ = {
			isa = PBXVariantGroup;
			children = (
				FD1F459519B242410099E89E /* Base */,
			);
			name = Main_iPad.storyboard;
			sourceTree = "<group>";
		};
		FD1F45AA19B242410099E89E /* InfoPlist.strings */ = {
			isa = PBXVariantGroup;
			children = (
				FD1F45AB19B242410099E89E /* en */,
			);
			name = InfoPlist.strings;
			sourceTree = "<group>";
		};
/* End PBXVariantGroup section */

/* Begin XCBuildConfiguration section */
		FD1F45AF19B242410099E89E /* Debug */ = {
			isa = XCBuildConfiguration;
			buildSettings = {
				ALWAYS_SEARCH_USER_PATHS = NO;
				CLANG_CXX_LANGUAGE_STANDARD = "gnu++0x";
				CLANG_CXX_LIBRARY = "libc++";
				CLANG_ENABLE_MODULES = YES;
				CLANG_ENABLE_OBJC_ARC = YES;
				CLANG_WARN_BOOL_CONVERSION = YES;
				CLANG_WARN_CONSTANT_CONVERSION = YES;
				CLANG_WARN_DIRECT_OBJC_ISA_USAGE = YES_ERROR;
				CLANG_WARN_EMPTY_BODY = YES;
				CLANG_WARN_ENUM_CONVERSION = YES;
				CLANG_WARN_INT_CONVERSION = YES;
				CLANG_WARN_OBJC_ROOT_CLASS = YES_ERROR;
				CLANG_WARN__DUPLICATE_METHOD_MATCH = YES;
				"CODE_SIGN_IDENTITY[sdk=iphoneos*]" = "iPhone Developer";
				COPY_PHASE_STRIP = NO;
				GCC_C_LANGUAGE_STANDARD = gnu99;
				GCC_DYNAMIC_NO_PIC = NO;
				GCC_OPTIMIZATION_LEVEL = 0;
				GCC_PREPROCESSOR_DEFINITIONS = (
					"DEBUG=1",
					"$(inherited)",
				);
				GCC_SYMBOLS_PRIVATE_EXTERN = NO;
				GCC_WARN_64_TO_32_BIT_CONVERSION = YES;
				GCC_WARN_ABOUT_RETURN_TYPE = YES_ERROR;
				GCC_WARN_UNDECLARED_SELECTOR = YES;
				GCC_WARN_UNINITIALIZED_AUTOS = YES_AGGRESSIVE;
				GCC_WARN_UNUSED_FUNCTION = YES;
				GCC_WARN_UNUSED_VARIABLE = YES;
				IPHONEOS_DEPLOYMENT_TARGET = 7.1;
				ONLY_ACTIVE_ARCH = YES;
				SDKROOT = iphoneos;
				TARGETED_DEVICE_FAMILY = "1,2";
			};
			name = Debug;
		};
		FD1F45B019B242410099E89E /* Release */ = {
			isa = XCBuildConfiguration;
			buildSettings = {
				ALWAYS_SEARCH_USER_PATHS = NO;
				CLANG_CXX_LANGUAGE_STANDARD = "gnu++0x";
				CLANG_CXX_LIBRARY = "libc++";
				CLANG_ENABLE_MODULES = YES;
				CLANG_ENABLE_OBJC_ARC = YES;
				CLANG_WARN_BOOL_CONVERSION = YES;
				CLANG_WARN_CONSTANT_CONVERSION = YES;
				CLANG_WARN_DIRECT_OBJC_ISA_USAGE = YES_ERROR;
				CLANG_WARN_EMPTY_BODY = YES;
				CLANG_WARN_ENUM_CONVERSION = YES;
				CLANG_WARN_INT_CONVERSION = YES;
				CLANG_WARN_OBJC_ROOT_CLASS = YES_ERROR;
				CLANG_WARN__DUPLICATE_METHOD_MATCH = YES;
				"CODE_SIGN_IDENTITY[sdk=iphoneos*]" = "iPhone Developer";
				COPY_PHASE_STRIP = YES;
				ENABLE_NS_ASSERTIONS = NO;
				GCC_C_LANGUAGE_STANDARD = gnu99;
				GCC_WARN_64_TO_32_BIT_CONVERSION = YES;
				GCC_WARN_ABOUT_RETURN_TYPE = YES_ERROR;
				GCC_WARN_UNDECLARED_SELECTOR = YES;
				GCC_WARN_UNINITIALIZED_AUTOS = YES_AGGRESSIVE;
				GCC_WARN_UNUSED_FUNCTION = YES;
				GCC_WARN_UNUSED_VARIABLE = YES;
				IPHONEOS_DEPLOYMENT_TARGET = 7.1;
				SDKROOT = iphoneos;
				TARGETED_DEVICE_FAMILY = "1,2";
				VALIDATE_PRODUCT = YES;
			};
			name = Release;
		};
		FD1F45B219B242410099E89E /* Debug */ = {
			isa = XCBuildConfiguration;
			buildSettings = {
				ASSETCATALOG_COMPILER_APPICON_NAME = AppIcon;
				ASSETCATALOG_COMPILER_LAUNCHIMAGE_NAME = LaunchImage;
				CODE_SIGN_IDENTITY = "iPhone Developer";
				GCC_PRECOMPILE_PREFIX_HEADER = YES;
				GCC_PREFIX_HEADER = "ProjectRefund/ProjectRefund-Prefix.pch";
				INFOPLIST_FILE = "ProjectRefund/ProjectRefund-Info.plist";
				PRODUCT_NAME = "$(TARGET_NAME)";
				WRAPPER_EXTENSION = app;
			};
			name = Debug;
		};
		FD1F45B319B242410099E89E /* Release */ = {
			isa = XCBuildConfiguration;
			buildSettings = {
				ASSETCATALOG_COMPILER_APPICON_NAME = AppIcon;
				ASSETCATALOG_COMPILER_LAUNCHIMAGE_NAME = LaunchImage;
				CODE_SIGN_IDENTITY = "iPhone Developer";
				GCC_PRECOMPILE_PREFIX_HEADER = YES;
				GCC_PREFIX_HEADER = "ProjectRefund/ProjectRefund-Prefix.pch";
				INFOPLIST_FILE = "ProjectRefund/ProjectRefund-Info.plist";
				PRODUCT_NAME = "$(TARGET_NAME)";
				WRAPPER_EXTENSION = app;
			};
			name = Release;
		};
		FD1F45B519B242410099E89E /* Debug */ = {
			isa = XCBuildConfiguration;
			buildSettings = {
				BUNDLE_LOADER = "$(BUILT_PRODUCTS_DIR)/ProjectRefund.app/ProjectRefund";
				FRAMEWORK_SEARCH_PATHS = (
					"$(SDKROOT)/Developer/Library/Frameworks",
					"$(inherited)",
					"$(DEVELOPER_FRAMEWORKS_DIR)",
				);
				GCC_PRECOMPILE_PREFIX_HEADER = YES;
				GCC_PREFIX_HEADER = "ProjectRefund/ProjectRefund-Prefix.pch";
				GCC_PREPROCESSOR_DEFINITIONS = (
					"DEBUG=1",
					"$(inherited)",
				);
				INFOPLIST_FILE = "ProjectRefundTests/ProjectRefundTests-Info.plist";
				PRODUCT_NAME = "$(TARGET_NAME)";
				TEST_HOST = "$(BUNDLE_LOADER)";
				WRAPPER_EXTENSION = xctest;
			};
			name = Debug;
		};
		FD1F45B619B242410099E89E /* Release */ = {
			isa = XCBuildConfiguration;
			buildSettings = {
				BUNDLE_LOADER = "$(BUILT_PRODUCTS_DIR)/ProjectRefund.app/ProjectRefund";
				FRAMEWORK_SEARCH_PATHS = (
					"$(SDKROOT)/Developer/Library/Frameworks",
					"$(inherited)",
					"$(DEVELOPER_FRAMEWORKS_DIR)",
				);
				GCC_PRECOMPILE_PREFIX_HEADER = YES;
				GCC_PREFIX_HEADER = "ProjectRefund/ProjectRefund-Prefix.pch";
				INFOPLIST_FILE = "ProjectRefundTests/ProjectRefundTests-Info.plist";
				PRODUCT_NAME = "$(TARGET_NAME)";
				TEST_HOST = "$(BUNDLE_LOADER)";
				WRAPPER_EXTENSION = xctest;
			};
			name = Release;
		};
/* End XCBuildConfiguration section */

/* Begin XCConfigurationList section */
		FD1F457719B242410099E89E /* Build configuration list for PBXProject "ProjectRefund" */ = {
			isa = XCConfigurationList;
			buildConfigurations = (
				FD1F45AF19B242410099E89E /* Debug */,
				FD1F45B019B242410099E89E /* Release */,
			);
			defaultConfigurationIsVisible = 0;
			defaultConfigurationName = Release;
		};
		FD1F45B119B242410099E89E /* Build configuration list for PBXNativeTarget "ProjectRefund" */ = {
			isa = XCConfigurationList;
			buildConfigurations = (
				FD1F45B219B242410099E89E /* Debug */,
				FD1F45B319B242410099E89E /* Release */,
			);
			defaultConfigurationIsVisible = 0;
			defaultConfigurationName = Release;
		};
		FD1F45B419B242410099E89E /* Build configuration list for PBXNativeTarget "ProjectRefundTests" */ = {
			isa = XCConfigurationList;
			buildConfigurations = (
				FD1F45B519B242410099E89E /* Debug */,
				FD1F45B619B242410099E89E /* Release */,
			);
			defaultConfigurationIsVisible = 0;
			defaultConfigurationName = Release;
		};
/* End XCConfigurationList section */
	};
	rootObject = FD1F457419B242410099E89E /* Project object */;
}
